lockfileVersion: 5.4

specifiers:
  '@handsontable/vue3': ^12.3.0
  '@vitejs/plugin-vue': ^4.0.0
  handsontable: ^12.3.0
  vite: ^4.0.0
  vue: ^3.2.45

dependencies:
  '@handsontable/vue3': 12.3.0_izu4zul6pujtbpzy7mh4celnbu
  handsontable: 12.3.0
  vue: 3.2.45

devDependencies:
  '@vitejs/plugin-vue': 4.0.0_vite@4.0.1+vue@3.2.45
  vite: 4.0.1

packages:

  /@babel/helper-string-parser/7.19.4:
    resolution: {integrity: sha512-nHtDoQcuqFmwYNYPz3Rah5ph2p8PFeFCsZk9A/48dPc/rGocJ5J3hAAZ7pb76VWX3fZKu+uEr/FhH5jLx7umrw==}
    engines: {node: '>=6.9.0'}

  /@babel/helper-validator-identifier/7.19.1:
    resolution: {integrity: sha512-awrNfaMtnHUr653GgGEs++LlAvW6w+DcPrOliSMXWCKo597CwL5Acf/wWdNkf/tfEQE3mjkeD1YOVZOUV/od1w==}
    engines: {node: '>=6.9.0'}

  /@babel/parser/7.20.5:
    resolution: {integrity: sha512-r27t/cy/m9uKLXQNWWebeCUHgnAZq0CpG1OwKRxzJMP1vpSU4bSIK2hq+/cp0bQxetkXx38n09rNu8jVkcK/zA==}
    engines: {node: '>=6.0.0'}
    hasBin: true
    dependencies:
      '@babel/types': 7.20.5

  /@babel/types/7.20.5:
    resolution: {integrity: sha512-c9fst/h2/dcF7H+MJKZ2T0KjEQ8hY/BNnDk/H3XY8C4Aw/eWQXWn/lWntHF9ooUBnGmEvbfGrTgLWc+um0YDUg==}
    engines: {node: '>=6.9.0'}
    dependencies:
      '@babel/helper-string-parser': 7.19.4
      '@babel/helper-validator-identifier': 7.19.1
      to-fast-properties: 2.0.0

  /@esbuild/android-arm/0.16.7:
    resolution: {integrity: sha512-yhzDbiVcmq6T1/XEvdcJIVcXHdLjDJ5cQ0Dp9R9p9ERMBTeO1dR5tc8YYv8zwDeBw1xZm+Eo3MRo8cwclhBS0g==}
    engines: {node: '>=12'}
    cpu: [arm]
    os: [android]
    requiresBuild: true
    dev: true
    optional: true

  /@esbuild/android-arm64/0.16.7:
    resolution: {integrity: sha512-tYFw0lBJSEvLoGzzYh1kXuzoX1iPkbOk3O29VqzQb0HbOy7t/yw1hGkvwoJhXHwzQUPsShyYcTgRf6bDBcfnTw==}
    engines: {node: '>=12'}
    cpu: [arm64]
    os: [android]
    requiresBuild: true
    dev: true
    optional: true

  /@esbuild/android-x64/0.16.7:
    resolution: {integrity: sha512-3P2OuTxwAtM3k/yEWTNUJRjMPG1ce8rXs51GTtvEC5z1j8fC1plHeVVczdeHECU7aM2/Buc0MwZ6ciM/zysnWg==}
    engines: {node: '>=12'}
    cpu: [x64]
    os: [android]
    requiresBuild: true
    dev: true
    optional: true

  /@esbuild/darwin-arm64/0.16.7:
    resolution: {integrity: sha512-VUb9GK23z8jkosHU9yJNUgQpsfJn+7ZyBm6adi2Ec5/U241eR1tAn82QicnUzaFDaffeixiHwikjmnec/YXEZg==}
    engines: {node: '>=12'}
    cpu: [arm64]
    os: [darwin]
    requiresBuild: true
    dev: true
    optional: true

  /@esbuild/darwin-x64/0.16.7:
    resolution: {integrity: sha512-duterlv3tit3HI9vhzMWnSVaB1B6YsXpFq1Ntd6Fou82BB1l4tucYy3FI9dHv3tvtDuS0NiGf/k6XsdBqPZ01w==}
    engines: {node: '>=12'}
    cpu: [x64]
    os: [darwin]
    requiresBuild: true
    dev: true
    optional: true

  /@esbuild/freebsd-arm64/0.16.7:
    resolution: {integrity: sha512-9kkycpBFes/vhi7B7o0cf+q2WdJi+EpVzpVTqtWFNiutARWDFFLcB93J8PR1cG228sucsl3B+7Ts27izE6qiaQ==}
    engines: {node: '>=12'}
    cpu: [arm64]
    os: [freebsd]
    requiresBuild: true
    dev: true
    optional: true

  /@esbuild/freebsd-x64/0.16.7:
    resolution: {integrity: sha512-5Ahf6jzWXJ4J2uh9dpy5DKOO+PeRUE/9DMys6VuYfwgQzd6n5+pVFm58L2Z2gRe611RX6SdydnNaiIKM3svY7g==}
    engines: {node: '>=12'}
    cpu: [x64]
    os: [freebsd]
    requiresBuild: true
    dev: true
    optional: true

  /@esbuild/linux-arm/0.16.7:
    resolution: {integrity: sha512-QqJnyCfu5OF78Olt7JJSZ7OSv/B4Hf+ZJWp4kkq9xwMsgu7yWq3crIic8gGOpDYTqVKKMDAVDgRXy5Wd/nWZyQ==}
    engines: {node: '>=12'}
    cpu: [arm]
    os: [linux]
    requiresBuild: true
    dev: true
    optional: true

  /@esbuild/linux-arm64/0.16.7:
    resolution: {integrity: sha512-2wv0xYDskk2+MzIm/AEprDip39a23Chptc4mL7hsHg26P0gD8RUhzmDu0KCH2vMThUI1sChXXoK9uH0KYQKaDg==}
    engines: {node: '>=12'}
    cpu: [arm64]
    os: [linux]
    requiresBuild: true
    dev: true
    optional: true

  /@esbuild/linux-ia32/0.16.7:
    resolution: {integrity: sha512-APVYbEilKbD5ptmKdnIcXej2/+GdV65TfTjxR2Uk8t1EsOk49t6HapZW6DS/Bwlvh5hDwtLapdSumIVNGxgqLg==}
    engines: {node: '>=12'}
    cpu: [ia32]
    os: [linux]
    requiresBuild: true
    dev: true
    optional: true

  /@esbuild/linux-loong64/0.16.7:
    resolution: {integrity: sha512-5wPUAGclplQrAW7EFr3F84Y/d++7G0KykohaF4p54+iNWhUnMVU8Bh2sxiEOXUy4zKIdpHByMgJ5/Ko6QhtTUw==}
    engines: {node: '>=12'}
    cpu: [loong64]
    os: [linux]
    requiresBuild: true
    dev: true
    optional: true

  /@esbuild/linux-mips64el/0.16.7:
    resolution: {integrity: sha512-hxzlXtWF6yWfkE/SMTscNiVqLOAn7fOuIF3q/kiZaXxftz1DhZW/HpnTmTTWrzrS7zJWQxHHT4QSxyAj33COmA==}
    engines: {node: '>=12'}
    cpu: [mips64el]
    os: [linux]
    requiresBuild: true
    dev: true
    optional: true

  /@esbuild/linux-ppc64/0.16.7:
    resolution: {integrity: sha512-WM83Dac0LdXty5xPhlOuCD5Egfk1xLND/oRLYeB7Jb/tY4kzFSDgLlq91wYbHua/s03tQGA9iXvyjgymMw62Vw==}
    engines: {node: '>=12'}
    cpu: [ppc64]
    os: [linux]
    requiresBuild: true
    dev: true
    optional: true

  /@esbuild/linux-riscv64/0.16.7:
    resolution: {integrity: sha512-3nkNnNg4Ax6MS/l8O8Ynq2lGEVJYyJ2EoY3PHjNJ4PuZ80EYLMrFTFZ4L/Hc16AxgtXKwmNP9TM0YKNiBzBiJQ==}
    engines: {node: '>=12'}
    cpu: [riscv64]
    os: [linux]
    requiresBuild: true
    dev: true
    optional: true

  /@esbuild/linux-s390x/0.16.7:
    resolution: {integrity: sha512-3SA/2VJuv0o1uD7zuqxEP+RrAyRxnkGddq0bwHQ98v1KNlzXD/JvxwTO3T6GM5RH6JUd29RTVQTOJfyzMkkppA==}
    engines: {node: '>=12'}
    cpu: [s390x]
    os: [linux]
    requiresBuild: true
    dev: true
    optional: true

  /@esbuild/linux-x64/0.16.7:
    resolution: {integrity: sha512-xi/tbqCqvPIzU+zJVyrpz12xqciTAPMi2fXEWGnapZymoGhuL2GIWIRXg4O2v5BXaYA5TSaiKYE14L0QhUTuQg==}
    engines: {node: '>=12'}
    cpu: [x64]
    os: [linux]
    requiresBuild: true
    dev: true
    optional: true

  /@esbuild/netbsd-x64/0.16.7:
    resolution: {integrity: sha512-NUsYbq3B+JdNKn8SXkItFvdes9qTwEoS3aLALtiWciW/ystiCKM20Fgv9XQBOXfhUHyh5CLEeZDXzLOrwBXuCQ==}
    engines: {node: '>=12'}
    cpu: [x64]
    os: [netbsd]
    requiresBuild: true
    dev: true
    optional: true

  /@esbuild/openbsd-x64/0.16.7:
    resolution: {integrity: sha512-qjwzsgeve9I8Tbsko2FEkdSk2iiezuNGFgipQxY/736NePXDaDZRodIejYGWOlbYXugdxb0nif5yvypH6lKBmA==}
    engines: {node: '>=12'}
    cpu: [x64]
    os: [openbsd]
    requiresBuild: true
    dev: true
    optional: true

  /@esbuild/sunos-x64/0.16.7:
    resolution: {integrity: sha512-mFWDz4RoBTzPphTCkM7Kc7Qpa0o/Z01acajR+Ai7LdfKgcP/C6jYOaKwv7nKzD0+MjOT20j7You9g4ozYy1dKQ==}
    engines: {node: '>=12'}
    cpu: [x64]
    os: [sunos]
    requiresBuild: true
    dev: true
    optional: true

  /@esbuild/win32-arm64/0.16.7:
    resolution: {integrity: sha512-m39UmX19RvEIuC8sYZ0M+eQtdXw4IePDSZ78ZQmYyFaXY9krq4YzQCK2XWIJomNLtg4q+W5aXr8bW3AbqWNoVg==}
    engines: {node: '>=12'}
    cpu: [arm64]
    os: [win32]
    requiresBuild: true
    dev: true
    optional: true

  /@esbuild/win32-ia32/0.16.7:
    resolution: {integrity: sha512-1cbzSEZA1fANwmT6rjJ4G1qQXHxCxGIcNYFYR9ctI82/prT38lnwSRZ0i5p/MVXksw9eMlHlet6pGu2/qkXFCg==}
    engines: {node: '>=12'}
    cpu: [ia32]
    os: [win32]
    requiresBuild: true
    dev: true
    optional: true

  /@esbuild/win32-x64/0.16.7:
    resolution: {integrity: sha512-QaQ8IH0JLacfGf5cf0HCCPnQuCTd/dAI257vXBgb/cccKGbH/6pVtI1gwhdAQ0Y48QSpTIFrh9etVyNdZY+zzw==}
    engines: {node: '>=12'}
    cpu: [x64]
    os: [win32]
    requiresBuild: true
    dev: true
    optional: true

  /@handsontable/vue3/12.3.0_izu4zul6pujtbpzy7mh4celnbu:
    resolution: {integrity: sha512-l27mt4HKuAeFoLsc3rsQpS9rS0Zj6D/pc7kHxFojJH+AgsgAbUJS7wUvUo1bKcwAX+WDFf9QQqy2mbtfQp6qkQ==}
    peerDependencies:
      handsontable: '>=12.0.0'
      vue: next
    dependencies:
      handsontable: 12.3.0
      vue: 3.2.45
    dev: false

  /@types/pikaday/1.7.4:
    resolution: {integrity: sha512-0KsHVyw5pTG829nqG4IRu7m+BFQlFEBdbE/1i3S5182HeKUKv1uEW0gyEmkJVp5i4IV+9pyh23O83+KpRkSQbw==}
    dependencies:
      moment: 2.29.4
    dev: false

  /@vitejs/plugin-vue/4.0.0_vite@4.0.1+vue@3.2.45:
    resolution: {integrity: sha512-e0X4jErIxAB5oLtDqbHvHpJe/uWNkdpYV83AOG2xo2tEVSzCzewgJMtREZM30wXnM5ls90hxiOtAuVU6H5JgbA==}
    engines: {node: ^14.18.0 || >=16.0.0}
    peerDependencies:
      vite: ^4.0.0
      vue: ^3.2.25
    dependencies:
      vite: 4.0.1
      vue: 3.2.45
    dev: true

  /@vue/compiler-core/3.2.45:
    resolution: {integrity: sha512-rcMj7H+PYe5wBV3iYeUgbCglC+pbpN8hBLTJvRiK2eKQiWqu+fG9F+8sW99JdL4LQi7Re178UOxn09puSXvn4A==}
    dependencies:
      '@babel/parser': 7.20.5
      '@vue/shared': 3.2.45
      estree-walker: 2.0.2
      source-map: 0.6.1

  /@vue/compiler-dom/3.2.45:
    resolution: {integrity: sha512-tyYeUEuKqqZO137WrZkpwfPCdiiIeXYCcJ8L4gWz9vqaxzIQRccTSwSWZ/Axx5YR2z+LvpUbmPNXxuBU45lyRw==}
    dependencies:
      '@vue/compiler-core': 3.2.45
      '@vue/shared': 3.2.45

  /@vue/compiler-sfc/3.2.45:
    resolution: {integrity: sha512-1jXDuWah1ggsnSAOGsec8cFjT/K6TMZ0sPL3o3d84Ft2AYZi2jWJgRMjw4iaK0rBfA89L5gw427H4n1RZQBu6Q==}
    dependencies:
      '@babel/parser': 7.20.5
      '@vue/compiler-core': 3.2.45
      '@vue/compiler-dom': 3.2.45
      '@vue/compiler-ssr': 3.2.45
      '@vue/reactivity-transform': 3.2.45
      '@vue/shared': 3.2.45
      estree-walker: 2.0.2
      magic-string: 0.25.9
      postcss: 8.4.20
      source-map: 0.6.1

  /@vue/compiler-ssr/3.2.45:
    resolution: {integrity: sha512-6BRaggEGqhWht3lt24CrIbQSRD5O07MTmd+LjAn5fJj568+R9eUD2F7wMQJjX859seSlrYog7sUtrZSd7feqrQ==}
    dependencies:
      '@vue/compiler-dom': 3.2.45
      '@vue/shared': 3.2.45

  /@vue/reactivity-transform/3.2.45:
    resolution: {integrity: sha512-BHVmzYAvM7vcU5WmuYqXpwaBHjsS8T63jlKGWVtHxAHIoMIlmaMyurUSEs1Zcg46M4AYT5MtB1U274/2aNzjJQ==}
    dependencies:
      '@babel/parser': 7.20.5
      '@vue/compiler-core': 3.2.45
      '@vue/shared': 3.2.45
      estree-walker: 2.0.2
      magic-string: 0.25.9

  /@vue/reactivity/3.2.45:
    resolution: {integrity: sha512-PRvhCcQcyEVohW0P8iQ7HDcIOXRjZfAsOds3N99X/Dzewy8TVhTCT4uXpAHfoKjVTJRA0O0K+6QNkDIZAxNi3A==}
    dependencies:
      '@vue/shared': 3.2.45

  /@vue/runtime-core/3.2.45:
    resolution: {integrity: sha512-gzJiTA3f74cgARptqzYswmoQx0fIA+gGYBfokYVhF8YSXjWTUA2SngRzZRku2HbGbjzB6LBYSbKGIaK8IW+s0A==}
    dependencies:
      '@vue/reactivity': 3.2.45
      '@vue/shared': 3.2.45

  /@vue/runtime-dom/3.2.45:
    resolution: {integrity: sha512-cy88YpfP5Ue2bDBbj75Cb4bIEZUMM/mAkDMfqDTpUYVgTf/kuQ2VQ8LebuZ8k6EudgH8pYhsGWHlY0lcxlvTwA==}
    dependencies:
      '@vue/runtime-core': 3.2.45
      '@vue/shared': 3.2.45
      csstype: 2.6.21

  /@vue/server-renderer/3.2.45_vue@3.2.45:
    resolution: {integrity: sha512-ebiMq7q24WBU1D6uhPK//2OTR1iRIyxjF5iVq/1a5I1SDMDyDu4Ts6fJaMnjrvD3MqnaiFkKQj+LKAgz5WIK3g==}
    peerDependencies:
      vue: 3.2.45
    dependencies:
      '@vue/compiler-ssr': 3.2.45
      '@vue/shared': 3.2.45
      vue: 3.2.45

  /@vue/shared/3.2.45:
    resolution: {integrity: sha512-Ewzq5Yhimg7pSztDV+RH1UDKBzmtqieXQlpTVm2AwraoRL/Rks96mvd8Vgi7Lj+h+TH8dv7mXD3FRZR3TUvbSg==}

  /bignumber.js/8.1.1:
    resolution: {integrity: sha512-QD46ppGintwPGuL1KqmwhR0O+N2cZUg8JG/VzwI2e28sM9TqHjQB10lI4QAaMHVbLzwVLLAwEglpKPViWX+5NQ==}
    dev: false

  /chevrotain/6.5.0:
    resolution: {integrity: sha512-BwqQ/AgmKJ8jcMEjaSnfMybnKMgGTrtDKowfTP3pX4jwVy0kNjRsT/AP6h+wC3+3NC+X8X15VWBnTCQlX+wQFg==}
    dependencies:
      regexp-to-ast: 0.4.0
    dev: false
    optional: true

  /core-js/3.26.1:
    resolution: {integrity: sha512-21491RRQVzUn0GGM9Z1Jrpr6PNPxPi+Za8OM9q4tksTSnlbXXGKK1nXNg/QvwFYettXvSX6zWKCtHHfjN4puyA==}
    requiresBuild: true
    dev: false

  /csstype/2.6.21:
    resolution: {integrity: sha512-Z1PhmomIfypOpoMjRQB70jfvy/wxT50qW08YXO5lMIJkrdq4yOTR+AW7FqutScmB9NkLwxo+jU+kZLbofZZq/w==}

  /dompurify/2.4.1:
    resolution: {integrity: sha512-ewwFzHzrrneRjxzmK6oVz/rZn9VWspGFRDb4/rRtIsM1n36t9AKma/ye8syCpcw+XJ25kOK/hOG7t1j2I2yBqA==}
    dev: false

  /esbuild/0.16.7:
    resolution: {integrity: sha512-P6OBFYFSQOGzfApqCeYKqfKRRbCIRsdppTXFo4aAvtiW3o8TTyiIplBvHJI171saPAiy3WlawJHCveJVIOIx1A==}
    engines: {node: '>=12'}
    hasBin: true
    requiresBuild: true
    optionalDependencies:
      '@esbuild/android-arm': 0.16.7
      '@esbuild/android-arm64': 0.16.7
      '@esbuild/android-x64': 0.16.7
      '@esbuild/darwin-arm64': 0.16.7
      '@esbuild/darwin-x64': 0.16.7
      '@esbuild/freebsd-arm64': 0.16.7
      '@esbuild/freebsd-x64': 0.16.7
      '@esbuild/linux-arm': 0.16.7
      '@esbuild/linux-arm64': 0.16.7
      '@esbuild/linux-ia32': 0.16.7
      '@esbuild/linux-loong64': 0.16.7
      '@esbuild/linux-mips64el': 0.16.7
      '@esbuild/linux-ppc64': 0.16.7
      '@esbuild/linux-riscv64': 0.16.7
      '@esbuild/linux-s390x': 0.16.7
      '@esbuild/linux-x64': 0.16.7
      '@esbuild/netbsd-x64': 0.16.7
      '@esbuild/openbsd-x64': 0.16.7
      '@esbuild/sunos-x64': 0.16.7
      '@esbuild/win32-arm64': 0.16.7
      '@esbuild/win32-ia32': 0.16.7
      '@esbuild/win32-x64': 0.16.7
    dev: true

  /estree-walker/2.0.2:
    resolution: {integrity: sha512-Rfkk/Mp/DL7JVje3u18FxFujQlTNR2q6QfMSMB7AvCBx91NGj/ba3kCfza0f6dVDbw7YlRf/nDrn7pQrCCyQ/w==}

  /fsevents/2.3.2:
    resolution: {integrity: sha512-xiqMQR4xAeHTuB9uWm+fFRcIOgKBMiOBP+eXiyT7jsgVCq1bkVygt00oASowB7EdtpOHaaPgKt812P9ab+DDKA==}
    engines: {node: ^8.16.0 || ^10.6.0 || >=11.0.0}
    os: [darwin]
    requiresBuild: true
    dev: true
    optional: true

  /function-bind/1.1.1:
    resolution: {integrity: sha512-yIovAzMX49sF8Yl58fSCWJ5svSLuaibPxXQJFLmBObTuCr0Mf1KiPopGM9NiFjiYBCbfaa2Fh6breQ6ANVTI0A==}
    dev: true

  /handsontable/12.3.0:
    resolution: {integrity: sha512-h4bXHT8eKzxlMQAzuBno6dJxayVOjoAjn/cSCsivNqgV3T5GtYiJyVc4CPYxcBqaJ8XD1/OOT0DU9vPjV9QWzQ==}
    dependencies:
      '@types/pikaday': 1.7.4
      core-js: 3.26.1
      dompurify: 2.4.1
      moment: 2.29.4
      numbro: 2.1.2
      pikaday: 1.8.2
    optionalDependencies:
      hyperformula: 2.2.0
    dev: false

  /has/1.0.3:
    resolution: {integrity: sha512-f2dvO0VU6Oej7RkWJGrehjbzMAjFp5/VKPp5tTpWIV4JHHZK1/BxbFRtf/siA2SWTe09caDmVtYYzWEIbBS4zw==}
    engines: {node: '>= 0.4.0'}
    dependencies:
      function-bind: 1.1.1
    dev: true

  /hyperformula/2.2.0:
    resolution: {integrity: sha512-RgtYOXcVfWqt48bzEj0hclQo67IGVdYSpmLNTvAlEYA0XIGPMXLhP6fZZIIYNmLK+pDnKEN6BHSUioB7t3hZYw==}
    requiresBuild: true
    dependencies:
      chevrotain: 6.5.0
      tiny-emitter: 2.1.0
      unorm: 1.6.0
    dev: false
    optional: true

  /is-core-module/2.11.0:
    resolution: {integrity: sha512-RRjxlvLDkD1YJwDbroBHMb+cukurkDWNyHx7D3oNB5x9rb5ogcksMC5wHCadcXoo67gVr/+3GFySh3134zi6rw==}
    dependencies:
      has: 1.0.3
    dev: true

  /magic-string/0.25.9:
    resolution: {integrity: sha512-RmF0AsMzgt25qzqqLc1+MbHmhdx0ojF2Fvs4XnOqz2ZOBXzzkEwc/dJQZCYHAn7v1jbVOjAZfK8msRn4BxO4VQ==}
    dependencies:
      sourcemap-codec: 1.4.8

  /moment/2.29.4:
    resolution: {integrity: sha512-5LC9SOxjSc2HF6vO2CyuTDNivEdoz2IvyJJGj6X8DJ0eFyfszE0QiEd+iXmBvUP3WHxSjFH/vIsA0EN00cgr8w==}
    dev: false

  /nanoid/3.3.4:
    resolution: {integrity: sha512-MqBkQh/OHTS2egovRtLk45wEyNXwF+cokD+1YPf9u5VfJiRdAiRwB2froX5Co9Rh20xs4siNPm8naNotSD6RBw==}
    engines: {node: ^10 || ^12 || ^13.7 || ^14 || >=15.0.1}
    hasBin: true

  /numbro/2.1.2:
    resolution: {integrity: sha512-7w833BxZmKGLE9HI0aREtNVRVH6WTYUUlWf4qgA5gKNhPQ4F/MRZ14sc0v8eoLORprk9ZTVwYaLwj8N3Zgxwiw==}
    dependencies:
      bignumber.js: 8.1.1
    dev: false

  /path-parse/1.0.7:
    resolution: {integrity: sha512-LDJzPVEEEPR+y48z93A0Ed0yXb8pAByGWo/k5YYdYgpY2/2EsOsksJrq7lOHxryrVOn1ejG6oAp8ahvOIQD8sw==}
    dev: true

  /picocolors/1.0.0:
    resolution: {integrity: sha512-1fygroTLlHu66zi26VoTDv8yRgm0Fccecssto+MhsZ0D/DGW2sm8E8AjW7NU5VVTRt5GxbeZ5qBuJr+HyLYkjQ==}

  /pikaday/1.8.2:
    resolution: {integrity: sha512-TNtsE+34BIax3WtkB/qqu5uepV1McKYEgvL3kWzU7aqPCpMEN6rBF3AOwu4WCwAealWlBGobXny/9kJb49C1ew==}
    dev: false

  /postcss/8.4.20:
    resolution: {integrity: sha512-6Q04AXR1212bXr5fh03u8aAwbLxAQNGQ/Q1LNa0VfOI06ZAlhPHtQvE4OIdpj4kLThXilalPnmDSOD65DcHt+g==}
    engines: {node: ^10 || ^12 || >=14}
    dependencies:
      nanoid: 3.3.4
      picocolors: 1.0.0
      source-map-js: 1.0.2

  /regexp-to-ast/0.4.0:
    resolution: {integrity: sha512-4qf/7IsIKfSNHQXSwial1IFmfM1Cc/whNBQqRwe0V2stPe7KmN1U0tWQiIx6JiirgSrisjE0eECdNf7Tav1Ntw==}
    dev: false
    optional: true

  /resolve/1.22.1:
    resolution: {integrity: sha512-nBpuuYuY5jFsli/JIs1oldw6fOQCBioohqWZg/2hiaOybXOft4lonv85uDOKXdf8rhyK159cxU5cDcK/NKk8zw==}
    hasBin: true
    dependencies:
      is-core-module: 2.11.0
      path-parse: 1.0.7
      supports-preserve-symlinks-flag: 1.0.0
    dev: true

  /rollup/3.7.4:
    resolution: {integrity: sha512-jN9rx3k5pfg9H9al0r0y1EYKSeiRANZRYX32SuNXAnKzh6cVyf4LZVto1KAuDnbHT03E1CpsgqDKaqQ8FZtgxw==}
    engines: {node: '>=14.18.0', npm: '>=8.0.0'}
    hasBin: true
    optionalDependencies:
      fsevents: 2.3.2
    dev: true

  /source-map-js/1.0.2:
    resolution: {integrity: sha512-R0XvVJ9WusLiqTCEiGCmICCMplcCkIwwR11mOSD9CR5u+IXYdiseeEuXCVAjS54zqwkLcPNnmU4OeJ6tUrWhDw==}
    engines: {node: '>=0.10.0'}

  /source-map/0.6.1:
    resolution: {integrity: sha512-UjgapumWlbMhkBgzT7Ykc5YXUT46F0iKu8SGXq0bcwP5dz/h0Plj6enJqjz1Zbq2l5WaqYnrVbwWOWMyF3F47g==}
    engines: {node: '>=0.10.0'}

  /sourcemap-codec/1.4.8:
    resolution: {integrity: sha512-9NykojV5Uih4lgo5So5dtw+f0JgJX30KCNI8gwhz2J9A15wD0Ml6tjHKwf6fTSa6fAdVBdZeNOs9eJ71qCk8vA==}
    deprecated: Please use @jridgewell/sourcemap-codec instead

  /supports-preserve-symlinks-flag/1.0.0:
    resolution: {integrity: sha512-ot0WnXS9fgdkgIcePe6RHNk1WA8+muPa6cSjeR3V8K27q9BB1rTE3R1p7Hv0z1ZyAc8s6Vvv8DIyWf681MAt0w==}
    engines: {node: '>= 0.4'}
    dev: true

  /tiny-emitter/2.1.0:
    resolution: {integrity: sha512-NB6Dk1A9xgQPMoGqC5CVXn123gWyte215ONT5Pp5a0yt4nlEoO1ZWeCwpncaekPHXO60i47ihFnZPiRPjRMq4Q==}
    dev: false
    optional: true

  /to-fast-properties/2.0.0:
    resolution: {integrity: sha512-/OaKK0xYrs3DmxRYqL/yDc+FxFUVYhDlXMhRmv3z915w2HF1tnN1omB354j8VUGO/hbRzyD6Y3sA7v7GS/ceog==}
    engines: {node: '>=4'}

  /unorm/1.6.0:
    resolution: {integrity: sha512-b2/KCUlYZUeA7JFUuRJZPUtr4gZvBh7tavtv4fvk4+KV9pfGiR6CQAQAWl49ZpR3ts2dk4FYkP7EIgDJoiOLDA==}
    engines: {node: '>= 0.4.0'}
    dev: false
    optional: true

  /vite/4.0.1:
    resolution: {integrity: sha512-kZQPzbDau35iWOhy3CpkrRC7It+HIHtulAzBhMqzGHKRf/4+vmh8rPDDdv98SWQrFWo6//3ozwsRmwQIPZsK9g==}
    engines: {node: ^14.18.0 || >=16.0.0}
    hasBin: true
    peerDependencies:
      '@types/node': '>= 14'
      less: '*'
      sass: '*'
      stylus: '*'
      sugarss: '*'
      terser: ^5.4.0
    peerDependenciesMeta:
      '@types/node':
        optional: true
      less:
        optional: true
      sass:
        optional: true
      stylus:
        optional: true
      sugarss:
        optional: true
      terser:
        optional: true
    dependencies:
      esbuild: 0.16.7
      postcss: 8.4.20
      resolve: 1.22.1
      rollup: 3.7.4
    optionalDependencies:
      fsevents: 2.3.2
    dev: true

  /vue/3.2.45:
    resolution: {integrity: sha512-9Nx/Mg2b2xWlXykmCwiTUCWHbWIj53bnkizBxKai1g61f2Xit700A1ljowpTIM11e3uipOeiPcSqnmBg6gyiaA==}
    dependencies:
      '@vue/compiler-dom': 3.2.45
      '@vue/compiler-sfc': 3.2.45
      '@vue/runtime-dom': 3.2.45
      '@vue/server-renderer': 3.2.45_vue@3.2.45
      '@vue/shared': 3.2.45
